
Microsoft Visual Studio Solution File, Format Version 12.00
# Visual Studio Version 16
VisualStudioVersion = 16.0.29728.190
MinimumVisualStudioVersion = 10.0.40219.1
Project("{FAE04EC0-301F-11D3-BF4B-00C04F79EFBC}") = "Lands.Android", "Lands\Lands.Android\Lands.Android.csproj", "{4A7AE765-0C45-4F56-AF4D-9D3321D2825A}"
EndProject
Project("{FAE04EC0-301F-11D3-BF4B-00C04F79EFBC}") = "Lands.iOS", "Lands\Lands.iOS\Lands.iOS.csproj", "{1B59B258-39C2-4C73-88CD-D612AFF26E22}"
EndProject
Project("{FAE04EC0-301F-11D3-BF4B-00C04F79EFBC}") = "Lands", "Lands\Lands\Lands.csproj", "{5BB53DD1-687C-40E5-B844-CF1201131661}"
EndProject
Global
	GlobalSection(SolutionConfigurationPlatforms) = preSolution
		Debug|Any CPU = Debug|Any CPU
		Debug|iPhone = Debug|iPhone
		Debug|iPhoneSimulator = Debug|iPhoneSimulator
		Release|Any CPU = Release|Any CPU
		Release|iPhone = Release|iPhone
		Release|iPhoneSimulator = Release|iPhoneSimulator
	EndGlobalSection
	GlobalSection(ProjectConfigurationPlatforms) = postSolution
		{4A7AE765-0C45-4F56-AF4D-9D3321D2825A}.Debug|Any CPU.ActiveCfg = Debug|Any CPU
		{4A7AE765-0C45-4F56-AF4D-9D3321D2825A}.Debug|Any CPU.Build.0 = Debug|Any CPU
		{4A7AE765-0C45-4F56-AF4D-9D3321D2825A}.Debug|Any CPU.Deploy.0 = Debug|Any CPU
		{4A7AE765-0C45-4F56-AF4D-9D3321D2825A}.Debug|iPhone.ActiveCfg = Debug|Any CPU
		{4A7AE765-0C45-4F56-AF4D-9D3321D2825A}.Debug|iPhone.Build.0 = Debug|Any CPU
		{4A7AE765-0C45-4F56-AF4D-9D3321D2825A}.Debug|iPhone.Deploy.0 = Debug|Any CPU
		{4A7AE765-0C45-4F56-AF4D-9D3321D2825A}.Debug|iPhoneSimulator.ActiveCfg = Debug|Any CPU
		{4A7AE765-0C45-4F56-AF4D-9D3321D2825A}.Debug|iPhoneSimulator.Build.0 = Debug|Any CPU
		{4A7AE765-0C45-4F56-AF4D-9D3321D2825A}.Debug|iPhoneSimulator.Deploy.0 = Debug|Any CPU
		{4A7AE765-0C45-4F56-AF4D-9D3321D2825A}.Release|Any CPU.ActiveCfg = Release|Any CPU
		{4A7AE765-0C45-4F56-AF4D-9D3321D2825A}.Release|Any CPU.Build.0 = Release|Any CPU
		{4A7AE765-0C45-4F56-AF4D-9D3321D2825A}.Release|Any CPU.Deploy.0 = Release|Any CPU
		{4A7AE765-0C45-4F56-AF4D-9D3321D2825A}.Release|iPhone.ActiveCfg = Release|Any CPU
		{4A7AE765-0C45-4F56-AF4D-9D3321D2825A}.Release|iPhone.Build.0 = Release|Any CPU
		{4A7AE765-0C45-4F56-AF4D-9D3321D2825A}.Release|iPhone.Deploy.0 = Release|Any CPU
		{4A7AE765-0C45-4F56-AF4D-9D3321D2825A}.Release|iPhoneSimulator.ActiveCfg = Release|Any CPU
		{4A7AE765-0C45-4F56-AF4D-9D3321D2825A}.Release|iPhoneSimulator.Build.0 = Release|Any CPU
		{4A7AE765-0C45-4F56-AF4D-9D3321D2825A}.Release|iPhoneSimulator.Deploy.0 = Release|Any CPU
		{1B59B258-39C2-4C73-88CD-D612AFF26E22}.Debug|Any CPU.ActiveCfg = Debug|iPhoneSimulator
		{1B59B258-39C2-4C73-88CD-D612AFF26E22}.Debug|Any CPU.Build.0 = Debug|iPhoneSimulator
		{1B59B258-39C2-4C73-88CD-D612AFF26E22}.Debug|Any CPU.Deploy.0 = Debug|iPhoneSimulator
		{1B59B258-39C2-4C73-88CD-D612AFF26E22}.Debug|iPhone.ActiveCfg = Debug|iPhone
		{1B59B258-39C2-4C73-88CD-D612AFF26E22}.Debug|iPhone.Build.0 = Debug|iPhone
		{1B59B258-39C2-4C73-88CD-D612AFF26E22}.Debug|iPhone.Deploy.0 = Debug|iPhone
		{1B59B258-39C2-4C73-88CD-D612AFF26E22}.Debug|iPhoneSimulator.ActiveCfg = Debug|iPhoneSimulator
		{1B59B258-39C2-4C73-88CD-D612AFF26E22}.Debug|iPhoneSimulator.Build.0 = Debug|iPhoneSimulator
		{1B59B258-39C2-4C73-88CD-D612AFF26E22}.Debug|iPhoneSimulator.Deploy.0 = Debug|iPhoneSimulator
		{1B59B258-39C2-4C73-88CD-D612AFF26E22}.Release|Any CPU.ActiveCfg = Release|iPhone
		{1B59B258-39C2-4C73-88CD-D612AFF26E22}.Release|Any CPU.Build.0 = Release|iPhone
		{1B59B258-39C2-4C73-88CD-D612AFF26E22}.Release|Any CPU.Deploy.0 = Release|iPhone
		{1B59B258-39C2-4C73-88CD-D612AFF26E22}.Release|iPhone.ActiveCfg = Release|iPhone
		{1B59B258-39C2-4C73-88CD-D612AFF26E22}.Release|iPhone.Build.0 = Release|iPhone
		{1B59B258-39C2-4C73-88CD-D612AFF26E22}.Release|iPhone.Deploy.0 = Release|iPhone
		{1B59B258-39C2-4C73-88CD-D612AFF26E22}.Release|iPhoneSimulator.ActiveCfg = Release|iPhoneSimulator
		{1B59B258-39C2-4C73-88CD-D612AFF26E22}.Release|iPhoneSimulator.Build.0 = Release|iPhoneSimulator
		{1B59B258-39C2-4C73-88CD-D612AFF26E22}.Release|iPhoneSimulator.Deploy.0 = Release|iPhoneSimulator
		{5BB53DD1-687C-40E5-B844-CF1201131661}.Debug|Any CPU.ActiveCfg = Debug|Any CPU
		{5BB53DD1-687C-40E5-B844-CF1201131661}.Debug|Any CPU.Build.0 = Debug|Any CPU
		{5BB53DD1-687C-40E5-B844-CF1201131661}.Debug|Any CPU.Deploy.0 = Debug|Any CPU
		{5BB53DD1-687C-40E5-B844-CF1201131661}.Debug|iPhone.ActiveCfg = Debug|Any CPU
		{5BB53DD1-687C-40E5-B844-CF1201131661}.Debug|iPhone.Build.0 = Debug|Any CPU
		{5BB53DD1-687C-40E5-B844-CF1201131661}.Debug|iPhone.Deploy.0 = Debug|Any CPU
		{5BB53DD1-687C-40E5-B844-CF1201131661}.Debug|iPhoneSimulator.ActiveCfg = Debug|Any CPU
		{5BB53DD1-687C-40E5-B844-CF1201131661}.Debug|iPhoneSimulator.Build.0 = Debug|Any CPU
		{5BB53DD1-687C-40E5-B844-CF1201131661}.Debug|iPhoneSimulator.Deploy.0 = Debug|Any CPU
		{5BB53DD1-687C-40E5-B844-CF1201131661}.Release|Any CPU.ActiveCfg = Release|Any CPU
		{5BB53DD1-687C-40E5-B844-CF1201131661}.Release|Any CPU.Build.0 = Release|Any CPU
		{5BB53DD1-687C-40E5-B844-CF1201131661}.Release|Any CPU.Deploy.0 = Release|Any CPU
		{5BB53DD1-687C-40E5-B844-CF1201131661}.Release|iPhone.ActiveCfg = Release|Any CPU
		{5BB53DD1-687C-40E5-B844-CF1201131661}.Release|iPhone.Build.0 = Release|Any CPU
		{5BB53DD1-687C-40E5-B844-CF1201131661}.Release|iPhone.Deploy.0 = Release|Any CPU
		{5BB53DD1-687C-40E5-B844-CF1201131661}.Release|iPhoneSimulator.ActiveCfg = Release|Any CPU
		{5BB53DD1-687C-40E5-B844-CF1201131661}.Release|iPhoneSimulator.Build.0 = Release|Any CPU
		{5BB53DD1-687C-40E5-B844-CF1201131661}.Release|iPhoneSimulator.Deploy.0 = Release|Any CPU
	EndGlobalSection
	GlobalSection(SolutionProperties) = preSolution
		HideSolutionNode = FALSE
	EndGlobalSection
	GlobalSection(ExtensibilityGlobals) = postSolution
		SolutionGuid = {C4D39542-AA52-4544-8E63-77D3A19819C5}
	EndGlobalSection
EndGlobal
